
Microsoft Visual Studio Solution File, Format Version 12.00
# Visual Studio 14
VisualStudioVersion = 14.0.25420.1
MinimumVisualStudioVersion = 10.0.40219.1
Project("{FAE04EC0-301F-11D3-BF4B-00C04F79EFBC}") = "RomanNumeralKata", "RomanNumeralKata\RomanNumeralKata.csproj", "{DD1E1EC3-71DE-4957-8880-67872D165273}"
EndProject
Project("{FAE04EC0-301F-11D3-BF4B-00C04F79EFBC}") = "RomanNumeralKataTests", "RomanNumeralKataTests\RomanNumeralKataTests.csproj", "{9F45CFBB-D56B-46F8-B970-DD1BC4E457FE}"
EndProject
Project("{2150E333-8FDC-42A3-9474-1A3956D46DE8}") = "Solution Items", "Solution Items", "{7DED063B-7B00-4C74-B138-35DC33E193C1}"
	ProjectSection(SolutionItems) = preProject
		README.txt = README.txt
	EndProjectSection
EndProject
Global
	GlobalSection(SolutionConfigurationPlatforms) = preSolution
		Debug|Any CPU = Debug|Any CPU
		Release|Any CPU = Release|Any CPU
	EndGlobalSection
	GlobalSection(ProjectConfigurationPlatforms) = postSolution
		{DD1E1EC3-71DE-4957-8880-67872D165273}.Debug|Any CPU.ActiveCfg = Debug|Any CPU
		{DD1E1EC3-71DE-4957-8880-67872D165273}.Debug|Any CPU.Build.0 = Debug|Any CPU
		{DD1E1EC3-71DE-4957-8880-67872D165273}.Release|Any CPU.ActiveCfg = Release|Any CPU
		{DD1E1EC3-71DE-4957-8880-67872D165273}.Release|Any CPU.Build.0 = Release|Any CPU
		{9F45CFBB-D56B-46F8-B970-DD1BC4E457FE}.Debug|Any CPU.ActiveCfg = Debug|Any CPU
		{9F45CFBB-D56B-46F8-B970-DD1BC4E457FE}.Debug|Any CPU.Build.0 = Debug|Any CPU
		{9F45CFBB-D56B-46F8-B970-DD1BC4E457FE}.Release|Any CPU.ActiveCfg = Release|Any CPU
		{9F45CFBB-D56B-46F8-B970-DD1BC4E457FE}.Release|Any CPU.Build.0 = Release|Any CPU
	EndGlobalSection
	GlobalSection(SolutionProperties) = preSolution
		HideSolutionNode = FALSE
	EndGlobalSection
EndGlobal
